
Microsoft Visual Studio Solution File, Format Version 12.00
# Visual Studio 15
VisualStudioVersion = 15.0.28307.1000
MinimumVisualStudioVersion = 10.0.40219.1
Project("{FAE04EC0-301F-11D3-BF4B-00C04F79EFBC}") = "Yahoo", "Yahoo\Yahoo.csproj", "{023EBB96-033D-4DBB-A8B2-EAE69B53BCAD}"
EndProject
Global
	GlobalSection(SolutionConfigurationPlatforms) = preSolution
		Debug|Any CPU = Debug|Any CPU
		Release|Any CPU = Release|Any CPU
	EndGlobalSection
	GlobalSection(ProjectConfigurationPlatforms) = postSolution
		{023EBB96-033D-4DBB-A8B2-EAE69B53BCAD}.Debug|Any CPU.ActiveCfg = Debug|Any CPU
		{023EBB96-033D-4DBB-A8B2-EAE69B53BCAD}.Debug|Any CPU.Build.0 = Debug|Any CPU
		{023EBB96-033D-4DBB-A8B2-EAE69B53BCAD}.Release|Any CPU.ActiveCfg = Release|Any CPU
		{023EBB96-033D-4DBB-A8B2-EAE69B53BCAD}.Release|Any CPU.Build.0 = Release|Any CPU
	EndGlobalSection
	GlobalSection(SolutionProperties) = preSolution
		HideSolutionNode = FALSE
	EndGlobalSection
	GlobalSection(ExtensibilityGlobals) = postSolution
		SolutionGuid = {0262D9F7-FC16-447C-93B0-6196F692DEBE}
	EndGlobalSection
EndGlobal
